
Microsoft Visual Studio Solution File, Format Version 12.00
Project("{FAE04EC0-301F-11D3-BF4B-00C04F79EFBC}") = "Test", "Test\Test.csproj", "{9E8720E5-CEA5-40C1-958D-F86CEB781A2F}"
EndProject
Project("{FAE04EC0-301F-11D3-BF4B-00C04F79EFBC}") = "ConsoleApp1", "ConsoleApp1\ConsoleApp1.csproj", "{4695E958-F03B-46BC-A981-A96F5730BBEF}"
EndProject
Project("{FAE04EC0-301F-11D3-BF4B-00C04F79EFBC}") = "ConsoleApp2", "ConsoleApp2\ConsoleApp2.csproj", "{4B95CE0C-6C32-4F35-B982-67CF8C91B514}"
EndProject
Project("{FAE04EC0-301F-11D3-BF4B-00C04F79EFBC}") = "ConsoleApp3", "ConsoleApp3\ConsoleApp3.csproj", "{DCE30BC6-C88A-406E-8627-B468482F6DCF}"
EndProject
Global
	GlobalSection(SolutionConfigurationPlatforms) = preSolution
		Debug|Any CPU = Debug|Any CPU
		Release|Any CPU = Release|Any CPU
	EndGlobalSection
	GlobalSection(ProjectConfigurationPlatforms) = postSolution
		{9E8720E5-CEA5-40C1-958D-F86CEB781A2F}.Debug|Any CPU.ActiveCfg = Debug|Any CPU
		{9E8720E5-CEA5-40C1-958D-F86CEB781A2F}.Debug|Any CPU.Build.0 = Debug|Any CPU
		{9E8720E5-CEA5-40C1-958D-F86CEB781A2F}.Release|Any CPU.ActiveCfg = Release|Any CPU
		{9E8720E5-CEA5-40C1-958D-F86CEB781A2F}.Release|Any CPU.Build.0 = Release|Any CPU
		{4695E958-F03B-46BC-A981-A96F5730BBEF}.Debug|Any CPU.ActiveCfg = Debug|Any CPU
		{4695E958-F03B-46BC-A981-A96F5730BBEF}.Debug|Any CPU.Build.0 = Debug|Any CPU
		{4695E958-F03B-46BC-A981-A96F5730BBEF}.Release|Any CPU.ActiveCfg = Release|Any CPU
		{4695E958-F03B-46BC-A981-A96F5730BBEF}.Release|Any CPU.Build.0 = Release|Any CPU
		{4B95CE0C-6C32-4F35-B982-67CF8C91B514}.Debug|Any CPU.ActiveCfg = Debug|Any CPU
		{4B95CE0C-6C32-4F35-B982-67CF8C91B514}.Debug|Any CPU.Build.0 = Debug|Any CPU
		{4B95CE0C-6C32-4F35-B982-67CF8C91B514}.Release|Any CPU.ActiveCfg = Release|Any CPU
		{4B95CE0C-6C32-4F35-B982-67CF8C91B514}.Release|Any CPU.Build.0 = Release|Any CPU
		{DCE30BC6-C88A-406E-8627-B468482F6DCF}.Debug|Any CPU.ActiveCfg = Debug|Any CPU
		{DCE30BC6-C88A-406E-8627-B468482F6DCF}.Debug|Any CPU.Build.0 = Debug|Any CPU
		{DCE30BC6-C88A-406E-8627-B468482F6DCF}.Release|Any CPU.ActiveCfg = Release|Any CPU
		{DCE30BC6-C88A-406E-8627-B468482F6DCF}.Release|Any CPU.Build.0 = Release|Any CPU
	EndGlobalSection
EndGlobal
